<?xml version="1.0" encoding="utf-8"?>
<Project ToolsVersion="4.0" xmlns="http://schemas.microsoft.com/developer/msbuild/2003">
  <ItemGroup>
    <Filter Include="源文件">
      <UniqueIdentifier>{4FC737F1-C7A5-4376-A066-2A32D752A2FF}</UniqueIdentifier>
      <Extensions>cpp;c;cc;cxx;def;odl;idl;hpj;bat;asm;asmx</Extensions>
    </Filter>
    <Filter Include="头文件">
      <UniqueIdentifier>{93995380-89BD-4b04-88EB-625FBE52EBFB}</UniqueIdentifier>
      <Extensions>h;hpp;hxx;hm;inl;inc;xsd</Extensions>
    </Filter>
    <Filter Include="资源文件">
      <UniqueIdentifier>{67DA6AB6-F800-4c08-8B7A-83BB121AAD01}</UniqueIdentifier>
      <Extensions>rc;ico;cur;bmp;dlg;rc2;rct;bin;rgs;gif;jpg;jpeg;jpe;resx;tiff;tif;png;wav;mfcribbon-ms</Extensions>
    </Filter>
  </ItemGroup>
  <ItemGroup>
    <ClCompile Include="Src\ImageOperator.cpp">
      <Filter>源文件</Filter>
    </ClCompile>
    <ClCompile Include="Src\JsonParser.cpp">
      <Filter>源文件</Filter>
    </ClCompile>
    <ClCompile Include="Src\Material.cpp">
      <Filter>源文件</Filter>
    </ClCompile>
    <ClCompile Include="Src\Palette.cpp">
      <Filter>源文件</Filter>
    </ClCompile>
    <ClCompile Include="Src\S3MBLayerInfos.cpp">
      <Filter>源文件</Filter>
    </ClCompile>
    <ClCompile Include="Src\S3MBReader.cpp">
      <Filter>源文件</Filter>
    </ClCompile>
    <ClCompile Include="Src\S3MBTools.cpp">
      <Filter>源文件</Filter>
    </ClCompile>
    <ClCompile Include="Src\S3MBVariant.cpp">
      <Filter>源文件</Filter>
    </ClCompile>
    <ClCompile Include="Src\Shell.cpp">
      <Filter>源文件</Filter>
    </ClCompile>
    <ClCompile Include="Src\Skeleton.cpp">
      <Filter>源文件</Filter>
    </ClCompile>
    <ClCompile Include="Src\Texture.cpp">
      <Filter>源文件</Filter>
    </ClCompile>
    <ClCompile Include="Src\Point3D.cpp">
      <Filter>源文件</Filter>
    </ClCompile>
    <ClCompile Include="Src\StringHelper.cpp">
      <Filter>源文件</Filter>
    </ClCompile>
    <ClCompile Include="Src\S3MBWriter.cpp">
      <Filter>源文件</Filter>
    </ClCompile>
    <ClCompile Include="Src\ROGroupLite.cpp">
      <Filter>源文件</Filter>
    </ClCompile>
    <ClCompile Include="Src\main.cpp" />
  </ItemGroup>
  <ItemGroup>
    <ClInclude Include="Include\ImageOperator.h">
      <Filter>头文件</Filter>
    </ClInclude>
    <ClInclude Include="Include\JsonParser.h">
      <Filter>头文件</Filter>
    </ClInclude>
    <ClInclude Include="Include\Material.h">
      <Filter>头文件</Filter>
    </ClInclude>
    <ClInclude Include="Include\MemoryStream.h">
      <Filter>头文件</Filter>
    </ClInclude>
    <ClInclude Include="Include\Palette.h">
      <Filter>头文件</Filter>
    </ClInclude>
    <ClInclude Include="Include\S3MBLayerInfos.h">
      <Filter>头文件</Filter>
    </ClInclude>
    <ClInclude Include="Include\S3MBReader.h">
      <Filter>头文件</Filter>
    </ClInclude>
    <ClInclude Include="Include\S3MBTools.h">
      <Filter>头文件</Filter>
    </ClInclude>
    <ClInclude Include="Include\S3mbVariant.h">
      <Filter>头文件</Filter>
    </ClInclude>
    <ClInclude Include="Include\Shell.h">
      <Filter>头文件</Filter>
    </ClInclude>
    <ClInclude Include="Include\Skeleton.h">
      <Filter>头文件</Filter>
    </ClInclude>
    <ClInclude Include="Include\StringHelper.h">
      <Filter>头文件</Filter>
    </ClInclude>
    <ClInclude Include="Include\Texture.h">
      <Filter>头文件</Filter>
    </ClInclude>
    <ClInclude Include="Include\PrjCoordSys.h">
      <Filter>头文件</Filter>
    </ClInclude>
    <ClInclude Include="Include\Point3D.h">
      <Filter>头文件</Filter>
    </ClInclude>
    <ClInclude Include="Include\stdafx.h">
      <Filter>头文件</Filter>
    </ClInclude>
    <ClInclude Include="Include\S3MBWriter.h">
      <Filter>头文件</Filter>
    </ClInclude>
    <ClInclude Include="Include\ROGroupLite.h">
      <Filter>头文件</Filter>
    </ClInclude>
  </ItemGroup>
</Project>