<?xml version="1.0" encoding="utf-8"?>
<Project ToolsVersion="4.0" xmlns="http://schemas.microsoft.com/developer/msbuild/2003">
  <ItemGroup>
    <ClCompile Include="main.cpp" />
    <ClCompile Include="AltizureToS3MB.cpp">
      <Filter>Source</Filter>
    </ClCompile>
    <ClCompile Include="S3MBWriter.cpp">
      <Filter>Source</Filter>
    </ClCompile>
    <ClCompile Include="S3MBReader.cpp">
      <Filter>Source</Filter>
    </ClCompile>
  </ItemGroup>
  <ItemGroup>
    <ClInclude Include="AltizureToS3MB.h">
      <Filter>Include</Filter>
    </ClInclude>
    <ClInclude Include="S3MBWriter.h">
      <Filter>Include</Filter>
    </ClInclude>
    <ClInclude Include="S3MBReader.h">
      <Filter>Include</Filter>
    </ClInclude>
  </ItemGroup>
  <ItemGroup>
    <Filter Include="Include">
      <UniqueIdentifier>{854b46f7-11c0-4705-8a5c-3d3df2384eee}</UniqueIdentifier>
    </Filter>
    <Filter Include="Source">
      <UniqueIdentifier>{3b0e9e89-772a-4e99-b810-bd918bcb9c21}</UniqueIdentifier>
    </Filter>
  </ItemGroup>
</Project>