
Microsoft Visual Studio Solution File, Format Version 12.00
# Visual Studio 2012
Project("{8BC9CEB8-8B4A-11D0-8D11-00A0C91BC942}") = "Sample", "Sample.vcxproj", "{1B917A6E-75C0-44E6-9B94-87CE493A46F3}"
EndProject
Project("{8BC9CEB8-8B4A-11D0-8D11-00A0C91BC942}") = "S3MBWriterLite", "S3MBWriterLite.vcxproj", "{EF64DB85-6FBE-48F9-9D1E-2DBE80458478}"
EndProject
Global
	GlobalSection(SolutionConfigurationPlatforms) = preSolution
		Debug|Win32 = Debug|Win32
		Debug|x64 = Debug|x64
		Release|Win32 = Release|Win32
		Release|x64 = Release|x64
	EndGlobalSection
	GlobalSection(ProjectConfigurationPlatforms) = postSolution
		{1B917A6E-75C0-44E6-9B94-87CE493A46F3}.Debug|Win32.ActiveCfg = Debug|x64
		{1B917A6E-75C0-44E6-9B94-87CE493A46F3}.Debug|x64.ActiveCfg = Debug|x64
		{1B917A6E-75C0-44E6-9B94-87CE493A46F3}.Debug|x64.Build.0 = Debug|x64
		{1B917A6E-75C0-44E6-9B94-87CE493A46F3}.Release|Win32.ActiveCfg = Release|x64
		{1B917A6E-75C0-44E6-9B94-87CE493A46F3}.Release|x64.ActiveCfg = Release|x64
		{1B917A6E-75C0-44E6-9B94-87CE493A46F3}.Release|x64.Build.0 = Release|x64
		{EF64DB85-6FBE-48F9-9D1E-2DBE80458478}.Debug|Win32.ActiveCfg = Debug|Win32
		{EF64DB85-6FBE-48F9-9D1E-2DBE80458478}.Debug|Win32.Build.0 = Debug|Win32
		{EF64DB85-6FBE-48F9-9D1E-2DBE80458478}.Debug|x64.ActiveCfg = Debug|x64
		{EF64DB85-6FBE-48F9-9D1E-2DBE80458478}.Debug|x64.Build.0 = Debug|x64
		{EF64DB85-6FBE-48F9-9D1E-2DBE80458478}.Release|Win32.ActiveCfg = Release|Win32
		{EF64DB85-6FBE-48F9-9D1E-2DBE80458478}.Release|Win32.Build.0 = Release|Win32
		{EF64DB85-6FBE-48F9-9D1E-2DBE80458478}.Release|x64.ActiveCfg = Release|x64
		{EF64DB85-6FBE-48F9-9D1E-2DBE80458478}.Release|x64.Build.0 = Release|x64
	EndGlobalSection
	GlobalSection(SolutionProperties) = preSolution
		HideSolutionNode = FALSE
	EndGlobalSection
EndGlobal
