
Microsoft Visual Studio Solution File, Format Version 12.00
# Visual Studio Version 16
VisualStudioVersion = 16.0.29613.14
MinimumVisualStudioVersion = 10.0.40219.1
Project("{8BC9CEB8-8B4A-11D0-8D11-00A0C91BC942}") = "S3MB_Sample", "MSProject\VS2012\S3MB_Sample.vcxproj", "{F512E9D8-9AA8-4E83-A1EA-C1AACD7C1B0B}"
EndProject
Global
	GlobalSection(SolutionConfigurationPlatforms) = preSolution
		Release|x64 = Release|x64
	EndGlobalSection
	GlobalSection(ProjectConfigurationPlatforms) = postSolution
		{F512E9D8-9AA8-4E83-A1EA-C1AACD7C1B0B}.Release|x64.ActiveCfg = Release|x64
		{F512E9D8-9AA8-4E83-A1EA-C1AACD7C1B0B}.Release|x64.Build.0 = Release|x64
	EndGlobalSection
	GlobalSection(SolutionProperties) = preSolution
		HideSolutionNode = FALSE
	EndGlobalSection
	GlobalSection(ExtensibilityGlobals) = postSolution
		SolutionGuid = {15891E09-3B10-463E-8DDF-8B47392FFEA3}
	EndGlobalSection
EndGlobal
